// !$*UTF8*$!
{
	archiveVersion = 1;
	classes = {
	};
	objectVersion = 77;
	objects = {

/* Begin PBXBuildFile section */
		2139096E2CFCE3B5000C68D8 /* EthCore in Frameworks */ = {isa = PBXBuildFile; productRef = 2139096D2CFCE3B5000C68D8 /* EthCore */; };
/* End PBXBuildFile section */

/* Begin PBXContainerItemProxy section */
		21A505102CFC838D00A95494 /* PBXContainerItemProxy */ = {
			isa = PBXContainerItemProxy;
			containerPortal = 21A504F52CFC838900A95494 /* Project object */;
			proxyType = 1;
			remoteGlobalIDString = 21A504FC2CFC838900A95494;
			remoteInfo = EthFuss;
		};
		21A5051A2CFC838E00A95494 /* PBXContainerItemProxy */ = {
			isa = PBXContainerItemProxy;
			containerPortal = 21A504F52CFC838900A95494 /* Project object */;
			proxyType = 1;
			remoteGlobalIDString = 21A504FC2CFC838900A95494;
			remoteInfo = EthFuss;
		};
/* End PBXContainerItemProxy section */

/* Begin PBXFileReference section */
		21A504FD2CFC838900A95494 /* EthFuss.app */ = {isa = PBXFileReference; explicitFileType = wrapper.application; includeInIndex = 0; path = EthFuss.app; sourceTree = BUILT_PRODUCTS_DIR; };
		21A5050F2CFC838D00A95494 /* EthFussTests.xctest */ = {isa = PBXFileReference; explicitFileType = wrapper.cfbundle; includeInIndex = 0; path = EthFussTests.xctest; sourceTree = BUILT_PRODUCTS_DIR; };
		21A505192CFC838E00A95494 /* EthFussUITests.xctest */ = {isa = PBXFileReference; explicitFileType = wrapper.cfbundle; includeInIndex = 0; path = EthFussUITests.xctest; sourceTree = BUILT_PRODUCTS_DIR; };
		21A5052F2CFC852900A95494 /* EthCore */ = {isa = PBXFileReference; lastKnownFileType = wrapper; name = EthCore; path = EthCore/EthCore; sourceTree = "<group>"; };
/* End PBXFileReference section */

/* Begin PBXFileSystemSynchronizedRootGroup section */
		21A504FF2CFC838900A95494 /* EthFuss */ = {
			isa = PBXFileSystemSynchronizedRootGroup;
			path = EthFuss;
			sourceTree = "<group>";
		};
		21A505122CFC838D00A95494 /* EthFussTests */ = {
			isa = PBXFileSystemSynchronizedRootGroup;
			path = EthFussTests;
			sourceTree = "<group>";
		};
		21A5051C2CFC838E00A95494 /* EthFussUITests */ = {
			isa = PBXFileSystemSynchronizedRootGroup;
			path = EthFussUITests;
			sourceTree = "<group>";
		};
/* End PBXFileSystemSynchronizedRootGroup section */

/* Begin PBXFrameworksBuildPhase section */
		21A504FA2CFC838900A95494 /* Frameworks */ = {
			isa = PBXFrameworksBuildPhase;
			buildActionMask = 2147483647;
			files = (
				2139096E2CFCE3B5000C68D8 /* EthCore in Frameworks */,
			);
			runOnlyForDeploymentPostprocessing = 0;
		};
		21A5050C2CFC838D00A95494 /* Frameworks */ = {
			isa = PBXFrameworksBuildPhase;
			buildActionMask = 2147483647;
			files = (
			);
			runOnlyForDeploymentPostprocessing = 0;
		};
		21A505162CFC838E00A95494 /* Frameworks */ = {
			isa = PBXFrameworksBuildPhase;
			buildActionMask = 2147483647;
			files = (
			);
			runOnlyForDeploymentPostprocessing = 0;
		};
/* End PBXFrameworksBuildPhase section */

/* Begin PBXGroup section */
		21A504F42CFC838900A95494 = {
			isa = PBXGroup;
			children = (
				21A5052F2CFC852900A95494 /* EthCore */,
				21A504FF2CFC838900A95494 /* EthFuss */,
				21A505122CFC838D00A95494 /* EthFussTests */,
				21A5051C2CFC838E00A95494 /* EthFussUITests */,
				21A504FE2CFC838900A95494 /* Products */,
			);
			sourceTree = "<group>";
		};
		21A504FE2CFC838900A95494 /* Products */ = {
			isa = PBXGroup;
			children = (
				21A504FD2CFC838900A95494 /* EthFuss.app */,
				21A5050F2CFC838D00A95494 /* EthFussTests.xctest */,
				21A505192CFC838E00A95494 /* EthFussUITests.xctest */,
			);
			name = Products;
			sourceTree = "<group>";
		};
/* End PBXGroup section */

/* Begin PBXNativeTarget section */
		21A504FC2CFC838900A95494 /* EthFuss */ = {
			isa = PBXNativeTarget;
			buildConfigurationList = 21A505232CFC838E00A95494 /* Build configuration list for PBXNativeTarget "EthFuss" */;
			buildPhases = (
				21A504F92CFC838900A95494 /* Sources */,
				21A504FA2CFC838900A95494 /* Frameworks */,
				21A504FB2CFC838900A95494 /* Resources */,
			);
			buildRules = (
			);
			dependencies = (
				21A505312CFC86D800A95494 /* PBXTargetDependency */,
			);
			fileSystemSynchronizedGroups = (
				21A504FF2CFC838900A95494 /* EthFuss */,
			);
			name = EthFuss;
			packageProductDependencies = (
				2139096D2CFCE3B5000C68D8 /* EthCore */,
			);
			productName = EthFuss;
			productReference = 21A504FD2CFC838900A95494 /* EthFuss.app */;
			productType = "com.apple.product-type.application";
		};
		21A5050E2CFC838D00A95494 /* EthFussTests */ = {
			isa = PBXNativeTarget;
			buildConfigurationList = 21A505262CFC838E00A95494 /* Build configuration list for PBXNativeTarget "EthFussTests" */;
			buildPhases = (
				21A5050B2CFC838D00A95494 /* Sources */,
				21A5050C2CFC838D00A95494 /* Frameworks */,
				21A5050D2CFC838D00A95494 /* Resources */,
			);
			buildRules = (
			);
			dependencies = (
				21A505112CFC838D00A95494 /* PBXTargetDependency */,
			);
			fileSystemSynchronizedGroups = (
				21A505122CFC838D00A95494 /* EthFussTests */,
			);
			name = EthFussTests;
			packageProductDependencies = (
			);
			productName = EthFussTests;
			productReference = 21A5050F2CFC838D00A95494 /* EthFussTests.xctest */;
			productType = "com.apple.product-type.bundle.unit-test";
		};
		21A505182CFC838E00A95494 /* EthFussUITests */ = {
			isa = PBXNativeTarget;
			buildConfigurationList = 21A505292CFC838E00A95494 /* Build configuration list for PBXNativeTarget "EthFussUITests" */;
			buildPhases = (
				21A505152CFC838E00A95494 /* Sources */,
				21A505162CFC838E00A95494 /* Frameworks */,
				21A505172CFC838E00A95494 /* Resources */,
			);
			buildRules = (
			);
			dependencies = (
				21A5051B2CFC838E00A95494 /* PBXTargetDependency */,
			);
			fileSystemSynchronizedGroups = (
				21A5051C2CFC838E00A95494 /* EthFussUITests */,
			);
			name = EthFussUITests;
			packageProductDependencies = (
			);
			productName = EthFussUITests;
			productReference = 21A505192CFC838E00A95494 /* EthFussUITests.xctest */;
			productType = "com.apple.product-type.bundle.ui-testing";
		};
/* End PBXNativeTarget section */

/* Begin PBXProject section */
		21A504F52CFC838900A95494 /* Project object */ = {
			isa = PBXProject;
			attributes = {
				BuildIndependentTargetsInParallel = 1;
				LastSwiftUpdateCheck = 1610;
				LastUpgradeCheck = 1610;
				TargetAttributes = {
					21A504FC2CFC838900A95494 = {
						CreatedOnToolsVersion = 16.1;
					};
					21A5050E2CFC838D00A95494 = {
						CreatedOnToolsVersion = 16.1;
						TestTargetID = 21A504FC2CFC838900A95494;
					};
					21A505182CFC838E00A95494 = {
						CreatedOnToolsVersion = 16.1;
						TestTargetID = 21A504FC2CFC838900A95494;
					};
				};
			};
			buildConfigurationList = 21A504F82CFC838900A95494 /* Build configuration list for PBXProject "EthFuss" */;
			developmentRegion = en;
			hasScannedForEncodings = 0;
			knownRegions = (
				en,
				Base,
			);
			mainGroup = 21A504F42CFC838900A95494;
			minimizedProjectReferenceProxies = 1;
			packageReferences = (
				21A5052C2CFC848200A95494 /* XCLocalSwiftPackageReference "EthCore" */,
			);
			preferredProjectObjectVersion = 77;
			productRefGroup = 21A504FE2CFC838900A95494 /* Products */;
			projectDirPath = "";
			projectRoot = "";
			targets = (
				21A504FC2CFC838900A95494 /* EthFuss */,
				21A5050E2CFC838D00A95494 /* EthFussTests */,
				21A505182CFC838E00A95494 /* EthFussUITests */,
			);
		};
/* End PBXProject section */

/* Begin PBXResourcesBuildPhase section */
		21A504FB2CFC838900A95494 /* Resources */ = {
			isa = PBXResourcesBuildPhase;
			buildActionMask = 2147483647;
			files = (
			);
			runOnlyForDeploymentPostprocessing = 0;
		};
		21A5050D2CFC838D00A95494 /* Resources */ = {
			isa = PBXResourcesBuildPhase;
			buildActionMask = 2147483647;
			files = (
			);
			runOnlyForDeploymentPostprocessing = 0;
		};
		21A505172CFC838E00A95494 /* Resources */ = {
			isa = PBXResourcesBuildPhase;
			buildActionMask = 2147483647;
			files = (
			);
			runOnlyForDeploymentPostprocessing = 0;
		};
/* End PBXResourcesBuildPhase section */

/* Begin PBXSourcesBuildPhase section */
		21A504F92CFC838900A95494 /* Sources */ = {
			isa = PBXSourcesBuildPhase;
			buildActionMask = 2147483647;
			files = (
			);
			runOnlyForDeploymentPostprocessing = 0;
		};
		21A5050B2CFC838D00A95494 /* Sources */ = {
			isa = PBXSourcesBuildPhase;
			buildActionMask = 2147483647;
			files = (
			);
			runOnlyForDeploymentPostprocessing = 0;
		};
		21A505152CFC838E00A95494 /* Sources */ = {
			isa = PBXSourcesBuildPhase;
			buildActionMask = 2147483647;
			files = (
			);
			runOnlyForDeploymentPostprocessing = 0;
		};
/* End PBXSourcesBuildPhase section */

/* Begin PBXTargetDependency section */
		21A505112CFC838D00A95494 /* PBXTargetDependency */ = {
			isa = PBXTargetDependency;
			target = 21A504FC2CFC838900A95494 /* EthFuss */;
			targetProxy = 21A505102CFC838D00A95494 /* PBXContainerItemProxy */;
		};
		21A5051B2CFC838E00A95494 /* PBXTargetDependency */ = {
			isa = PBXTargetDependency;
			target = 21A504FC2CFC838900A95494 /* EthFuss */;
			targetProxy = 21A5051A2CFC838E00A95494 /* PBXContainerItemProxy */;
		};
		21A505312CFC86D800A95494 /* PBXTargetDependency */ = {
			isa = PBXTargetDependency;
			productRef = 21A505302CFC86D800A95494 /* EthCore */;
		};
/* End PBXTargetDependency section */

/* Begin XCBuildConfiguration section */
		21A505212CFC838E00A95494 /* Debug */ = {
			isa = XCBuildConfiguration;
			buildSettings = {
				ALWAYS_SEARCH_USER_PATHS = NO;
				ASSETCATALOG_COMPILER_GENERATE_SWIFT_ASSET_SYMBOL_EXTENSIONS = YES;
				CLANG_ANALYZER_NONNULL = YES;
				CLANG_ANALYZER_NUMBER_OBJECT_CONVERSION = YES_AGGRESSIVE;
				CLANG_CXX_LANGUAGE_STANDARD = "gnu++20";
				CLANG_ENABLE_MODULES = YES;
				CLANG_ENABLE_OBJC_ARC = YES;
				CLANG_ENABLE_OBJC_WEAK = YES;
				CLANG_WARN_BLOCK_CAPTURE_AUTORELEASING = YES;
				CLANG_WARN_BOOL_CONVERSION = YES;
				CLANG_WARN_COMMA = YES;
				CLANG_WARN_CONSTANT_CONVERSION = YES;
				CLANG_WARN_DEPRECATED_OBJC_IMPLEMENTATIONS = YES;
				CLANG_WARN_DIRECT_OBJC_ISA_USAGE = YES_ERROR;
				CLANG_WARN_DOCUMENTATION_COMMENTS = YES;
				CLANG_WARN_EMPTY_BODY = YES;
				CLANG_WARN_ENUM_CONVERSION = YES;
				CLANG_WARN_INFINITE_RECURSION = YES;
				CLANG_WARN_INT_CONVERSION = YES;
				CLANG_WARN_NON_LITERAL_NULL_CONVERSION = YES;
				CLANG_WARN_OBJC_IMPLICIT_RETAIN_SELF = YES;
				CLANG_WARN_OBJC_LITERAL_CONVERSION = YES;
				CLANG_WARN_OBJC_ROOT_CLASS = YES_ERROR;
				CLANG_WARN_QUOTED_INCLUDE_IN_FRAMEWORK_HEADER = YES;
				CLANG_WARN_RANGE_LOOP_ANALYSIS = YES;
				CLANG_WARN_STRICT_PROTOTYPES = YES;
				CLANG_WARN_SUSPICIOUS_MOVE = YES;
				CLANG_WARN_UNGUARDED_AVAILABILITY = YES_AGGRESSIVE;
				CLANG_WARN_UNREACHABLE_CODE = YES;
				CLANG_WARN__DUPLICATE_METHOD_MATCH = YES;
				COPY_PHASE_STRIP = NO;
				DEBUG_INFORMATION_FORMAT = dwarf;
				ENABLE_STRICT_OBJC_MSGSEND = YES;
				ENABLE_TESTABILITY = YES;
				ENABLE_USER_SCRIPT_SANDBOXING = YES;
				GCC_C_LANGUAGE_STANDARD = gnu17;
				GCC_DYNAMIC_NO_PIC = NO;
				GCC_NO_COMMON_BLOCKS = YES;
				GCC_OPTIMIZATION_LEVEL = 0;
				GCC_PREPROCESSOR_DEFINITIONS = (
					"DEBUG=1",
					"$(inherited)",
				);
				GCC_WARN_64_TO_32_BIT_CONVERSION = YES;
				GCC_WARN_ABOUT_RETURN_TYPE = YES_ERROR;
				GCC_WARN_UNDECLARED_SELECTOR = YES;
				GCC_WARN_UNINITIALIZED_AUTOS = YES_AGGRESSIVE;
				GCC_WARN_UNUSED_FUNCTION = YES;
				GCC_WARN_UNUSED_VARIABLE = YES;
				IPHONEOS_DEPLOYMENT_TARGET = 18.1;
				LOCALIZATION_PREFERS_STRING_CATALOGS = YES;
				MTL_ENABLE_DEBUG_INFO = INCLUDE_SOURCE;
				MTL_FAST_MATH = YES;
				ONLY_ACTIVE_ARCH = YES;
				SDKROOT = iphoneos;
				SWIFT_ACTIVE_COMPILATION_CONDITIONS = "DEBUG $(inherited)";
				SWIFT_OPTIMIZATION_LEVEL = "-Onone";
			};
			name = Debug;
		};
		21A505222CFC838E00A95494 /* Release */ = {
			isa = XCBuildConfiguration;
			buildSettings = {
				ALWAYS_SEARCH_USER_PATHS = NO;
				ASSETCATALOG_COMPILER_GENERATE_SWIFT_ASSET_SYMBOL_EXTENSIONS = YES;
				CLANG_ANALYZER_NONNULL = YES;
				CLANG_ANALYZER_NUMBER_OBJECT_CONVERSION = YES_AGGRESSIVE;
				CLANG_CXX_LANGUAGE_STANDARD = "gnu++20";
				CLANG_ENABLE_MODULES = YES;
				CLANG_ENABLE_OBJC_ARC = YES;
				CLANG_ENABLE_OBJC_WEAK = YES;
				CLANG_WARN_BLOCK_CAPTURE_AUTORELEASING = YES;
				CLANG_WARN_BOOL_CONVERSION = YES;
				CLANG_WARN_COMMA = YES;
				CLANG_WARN_CONSTANT_CONVERSION = YES;
				CLANG_WARN_DEPRECATED_OBJC_IMPLEMENTATIONS = YES;
				CLANG_WARN_DIRECT_OBJC_ISA_USAGE = YES_ERROR;
				CLANG_WARN_DOCUMENTATION_COMMENTS = YES;
				CLANG_WARN_EMPTY_BODY = YES;
				CLANG_WARN_ENUM_CONVERSION = YES;
				CLANG_WARN_INFINITE_RECURSION = YES;
				CLANG_WARN_INT_CONVERSION = YES;
				CLANG_WARN_NON_LITERAL_NULL_CONVERSION = YES;
				CLANG_WARN_OBJC_IMPLICIT_RETAIN_SELF = YES;
				CLANG_WARN_OBJC_LITERAL_CONVERSION = YES;
				CLANG_WARN_OBJC_ROOT_CLASS = YES_ERROR;
				CLANG_WARN_QUOTED_INCLUDE_IN_FRAMEWORK_HEADER = YES;
				CLANG_WARN_RANGE_LOOP_ANALYSIS = YES;
				CLANG_WARN_STRICT_PROTOTYPES = YES;
				CLANG_WARN_SUSPICIOUS_MOVE = YES;
				CLANG_WARN_UNGUARDED_AVAILABILITY = YES_AGGRESSIVE;
				CLANG_WARN_UNREACHABLE_CODE = YES;
				CLANG_WARN__DUPLICATE_METHOD_MATCH = YES;
				COPY_PHASE_STRIP = NO;
				DEBUG_INFORMATION_FORMAT = "dwarf-with-dsym";
				ENABLE_NS_ASSERTIONS = NO;
				ENABLE_STRICT_OBJC_MSGSEND = YES;
				ENABLE_USER_SCRIPT_SANDBOXING = YES;
				GCC_C_LANGUAGE_STANDARD = gnu17;
				GCC_NO_COMMON_BLOCKS = YES;
				GCC_WARN_64_TO_32_BIT_CONVERSION = YES;
				GCC_WARN_ABOUT_RETURN_TYPE = YES_ERROR;
				GCC_WARN_UNDECLARED_SELECTOR = YES;
				GCC_WARN_UNINITIALIZED_AUTOS = YES_AGGRESSIVE;
				GCC_WARN_UNUSED_FUNCTION = YES;
				GCC_WARN_UNUSED_VARIABLE = YES;
				IPHONEOS_DEPLOYMENT_TARGET = 18.1;
				LOCALIZATION_PREFERS_STRING_CATALOGS = YES;
				MTL_ENABLE_DEBUG_INFO = NO;
				MTL_FAST_MATH = YES;
				SDKROOT = iphoneos;
				SWIFT_COMPILATION_MODE = wholemodule;
				VALIDATE_PRODUCT = YES;
			};
			name = Release;
		};
		21A505242CFC838E00A95494 /* Debug */ = {
			isa = XCBuildConfiguration;
			buildSettings = {
				ASSETCATALOG_COMPILER_APPICON_NAME = AppIcon;
				ASSETCATALOG_COMPILER_GLOBAL_ACCENT_COLOR_NAME = AccentColor;
				CODE_SIGN_STYLE = Automatic;
				CURRENT_PROJECT_VERSION = 1;
				DEVELOPMENT_ASSET_PATHS = "\"EthFuss/Preview Content\"";
				DEVELOPMENT_TEAM = 44P2L32FL4;
				ENABLE_PREVIEWS = YES;
				GENERATE_INFOPLIST_FILE = YES;
				INFOPLIST_KEY_UIApplicationSceneManifest_Generation = YES;
				INFOPLIST_KEY_UIApplicationSupportsIndirectInputEvents = YES;
				INFOPLIST_KEY_UILaunchScreen_Generation = YES;
				INFOPLIST_KEY_UISupportedInterfaceOrientations_iPad = "UIInterfaceOrientationPortrait UIInterfaceOrientationPortraitUpsideDown UIInterfaceOrientationLandscapeLeft UIInterfaceOrientationLandscapeRight";
				INFOPLIST_KEY_UISupportedInterfaceOrientations_iPhone = "UIInterfaceOrientationPortrait UIInterfaceOrientationLandscapeLeft UIInterfaceOrientationLandscapeRight";
				LD_RUNPATH_SEARCH_PATHS = (
					"$(inherited)",
					"@executable_path/Frameworks",
				);
				MARKETING_VERSION = 1.0;
				PRODUCT_BUNDLE_IDENTIFIER = by.sy.EthFuss;
				PRODUCT_NAME = "$(TARGET_NAME)";
				SWIFT_EMIT_LOC_STRINGS = YES;
				SWIFT_VERSION = 5.0;
				TARGETED_DEVICE_FAMILY = "1,2";
			};
			name = Debug;
		};
		21A505252CFC838E00A95494 /* Release */ = {
			isa = XCBuildConfiguration;
			buildSettings = {
				ASSETCATALOG_COMPILER_APPICON_NAME = AppIcon;
				ASSETCATALOG_COMPILER_GLOBAL_ACCENT_COLOR_NAME = AccentColor;
				CODE_SIGN_STYLE = Automatic;
				CURRENT_PROJECT_VERSION = 1;
				DEVELOPMENT_ASSET_PATHS = "\"EthFuss/Preview Content\"";
				DEVELOPMENT_TEAM = 44P2L32FL4;
				ENABLE_PREVIEWS = YES;
				GENERATE_INFOPLIST_FILE = YES;
				INFOPLIST_KEY_UIApplicationSceneManifest_Generation = YES;
				INFOPLIST_KEY_UIApplicationSupportsIndirectInputEvents = YES;
				INFOPLIST_KEY_UILaunchScreen_Generation = YES;
				INFOPLIST_KEY_UISupportedInterfaceOrientations_iPad = "UIInterfaceOrientationPortrait UIInterfaceOrientationPortraitUpsideDown UIInterfaceOrientationLandscapeLeft UIInterfaceOrientationLandscapeRight";
				INFOPLIST_KEY_UISupportedInterfaceOrientations_iPhone = "UIInterfaceOrientationPortrait UIInterfaceOrientationLandscapeLeft UIInterfaceOrientationLandscapeRight";
				LD_RUNPATH_SEARCH_PATHS = (
					"$(inherited)",
					"@executable_path/Frameworks",
				);
				MARKETING_VERSION = 1.0;
				PRODUCT_BUNDLE_IDENTIFIER = by.sy.EthFuss;
				PRODUCT_NAME = "$(TARGET_NAME)";
				SWIFT_EMIT_LOC_STRINGS = YES;
				SWIFT_VERSION = 5.0;
				TARGETED_DEVICE_FAMILY = "1,2";
			};
			name = Release;
		};
		21A505272CFC838E00A95494 /* Debug */ = {
			isa = XCBuildConfiguration;
			buildSettings = {
				BUNDLE_LOADER = "$(TEST_HOST)";
				CODE_SIGN_STYLE = Automatic;
				CURRENT_PROJECT_VERSION = 1;
				DEVELOPMENT_TEAM = 44P2L32FL4;
				GENERATE_INFOPLIST_FILE = YES;
				IPHONEOS_DEPLOYMENT_TARGET = 18.1;
				MARKETING_VERSION = 1.0;
				PRODUCT_BUNDLE_IDENTIFIER = by.sy.EthFussTests;
				PRODUCT_NAME = "$(TARGET_NAME)";
				SWIFT_EMIT_LOC_STRINGS = NO;
				SWIFT_VERSION = 5.0;
				TARGETED_DEVICE_FAMILY = "1,2";
				TEST_HOST = "$(BUILT_PRODUCTS_DIR)/EthFuss.app/$(BUNDLE_EXECUTABLE_FOLDER_PATH)/EthFuss";
			};
			name = Debug;
		};
		21A505282CFC838E00A95494 /* Release */ = {
			isa = XCBuildConfiguration;
			buildSettings = {
				BUNDLE_LOADER = "$(TEST_HOST)";
				CODE_SIGN_STYLE = Automatic;
				CURRENT_PROJECT_VERSION = 1;
				DEVELOPMENT_TEAM = 44P2L32FL4;
				GENERATE_INFOPLIST_FILE = YES;
				IPHONEOS_DEPLOYMENT_TARGET = 18.1;
				MARKETING_VERSION = 1.0;
				PRODUCT_BUNDLE_IDENTIFIER = by.sy.EthFussTests;
				PRODUCT_NAME = "$(TARGET_NAME)";
				SWIFT_EMIT_LOC_STRINGS = NO;
				SWIFT_VERSION = 5.0;
				TARGETED_DEVICE_FAMILY = "1,2";
				TEST_HOST = "$(BUILT_PRODUCTS_DIR)/EthFuss.app/$(BUNDLE_EXECUTABLE_FOLDER_PATH)/EthFuss";
			};
			name = Release;
		};
		21A5052A2CFC838E00A95494 /* Debug */ = {
			isa = XCBuildConfiguration;
			buildSettings = {
				CODE_SIGN_STYLE = Automatic;
				CURRENT_PROJECT_VERSION = 1;
				DEVELOPMENT_TEAM = 44P2L32FL4;
				GENERATE_INFOPLIST_FILE = YES;
				MARKETING_VERSION = 1.0;
				PRODUCT_BUNDLE_IDENTIFIER = by.sy.EthFussUITests;
				PRODUCT_NAME = "$(TARGET_NAME)";
				SWIFT_EMIT_LOC_STRINGS = NO;
				SWIFT_VERSION = 5.0;
				TARGETED_DEVICE_FAMILY = "1,2";
				TEST_TARGET_NAME = EthFuss;
			};
			name = Debug;
		};
		21A5052B2CFC838E00A95494 /* Release */ = {
			isa = XCBuildConfiguration;
			buildSettings = {
				CODE_SIGN_STYLE = Automatic;
				CURRENT_PROJECT_VERSION = 1;
				DEVELOPMENT_TEAM = 44P2L32FL4;
				GENERATE_INFOPLIST_FILE = YES;
				MARKETING_VERSION = 1.0;
				PRODUCT_BUNDLE_IDENTIFIER = by.sy.EthFussUITests;
				PRODUCT_NAME = "$(TARGET_NAME)";
				SWIFT_EMIT_LOC_STRINGS = NO;
				SWIFT_VERSION = 5.0;
				TARGETED_DEVICE_FAMILY = "1,2";
				TEST_TARGET_NAME = EthFuss;
			};
			name = Release;
		};
/* End XCBuildConfiguration section */

/* Begin XCConfigurationList section */
		21A504F82CFC838900A95494 /* Build configuration list for PBXProject "EthFuss" */ = {
			isa = XCConfigurationList;
			buildConfigurations = (
				21A505212CFC838E00A95494 /* Debug */,
				21A505222CFC838E00A95494 /* Release */,
			);
			defaultConfigurationIsVisible = 0;
			defaultConfigurationName = Release;
		};
		21A505232CFC838E00A95494 /* Build configuration list for PBXNativeTarget "EthFuss" */ = {
			isa = XCConfigurationList;
			buildConfigurations = (
				21A505242CFC838E00A95494 /* Debug */,
				21A505252CFC838E00A95494 /* Release */,
			);
			defaultConfigurationIsVisible = 0;
			defaultConfigurationName = Release;
		};
		21A505262CFC838E00A95494 /* Build configuration list for PBXNativeTarget "EthFussTests" */ = {
			isa = XCConfigurationList;
			buildConfigurations = (
				21A505272CFC838E00A95494 /* Debug */,
				21A505282CFC838E00A95494 /* Release */,
			);
			defaultConfigurationIsVisible = 0;
			defaultConfigurationName = Release;
		};
		21A505292CFC838E00A95494 /* Build configuration list for PBXNativeTarget "EthFussUITests" */ = {
			isa = XCConfigurationList;
			buildConfigurations = (
				21A5052A2CFC838E00A95494 /* Debug */,
				21A5052B2CFC838E00A95494 /* Release */,
			);
			defaultConfigurationIsVisible = 0;
			defaultConfigurationName = Release;
		};
/* End XCConfigurationList section */

/* Begin XCLocalSwiftPackageReference section */
		21A5052C2CFC848200A95494 /* XCLocalSwiftPackageReference "EthCore" */ = {
			isa = XCLocalSwiftPackageReference;
			relativePath = EthCore;
		};
/* End XCLocalSwiftPackageReference section */

/* Begin XCSwiftPackageProductDependency section */
		2139096D2CFCE3B5000C68D8 /* EthCore */ = {
			isa = XCSwiftPackageProductDependency;
			productName = EthCore;
		};
		21A505302CFC86D800A95494 /* EthCore */ = {
			isa = XCSwiftPackageProductDependency;
			package = 21A5052C2CFC848200A95494 /* XCLocalSwiftPackageReference "EthCore" */;
			productName = EthCore;
		};
/* End XCSwiftPackageProductDependency section */
	};
	rootObject = 21A504F52CFC838900A95494 /* Project object */;
}
